
Microsoft Visual Studio Solution File, Format Version 11.00
# Visual Studio 2010
Project("{FAE04EC0-301F-11D3-BF4B-00C04F79EFBC}") = "SampleService", "SampleService\SampleService.csproj", "{745F08D9-AC72-48DC-98E0-A028098B0B06}"
EndProject
Project("{FAE04EC0-301F-11D3-BF4B-00C04F79EFBC}") = "Host", "Host\Host.csproj", "{D454C1D7-F84A-45F3-88A1-60F4F3EE32B9}"
EndProject
Project("{FAE04EC0-301F-11D3-BF4B-00C04F79EFBC}") = "DuplexHost", "DuplexMessageExchage\DuplexHost.csproj", "{AD1D663A-F69C-4AB0-BB95-67DC2291A4A7}"
EndProject
Project("{FAE04EC0-301F-11D3-BF4B-00C04F79EFBC}") = "DuplexMessageExchageService", "DuplexMessageExchageService\DuplexMessageExchageService.csproj", "{2A8E8009-F474-4FC8-A04E-F80D02AA97DB}"
EndProject
Global
	GlobalSection(SolutionConfigurationPlatforms) = preSolution
		Debug|Any CPU = Debug|Any CPU
		Debug|Mixed Platforms = Debug|Mixed Platforms
		Debug|x86 = Debug|x86
		Release|Any CPU = Release|Any CPU
		Release|Mixed Platforms = Release|Mixed Platforms
		Release|x86 = Release|x86
	EndGlobalSection
	GlobalSection(ProjectConfigurationPlatforms) = postSolution
		{745F08D9-AC72-48DC-98E0-A028098B0B06}.Debug|Any CPU.ActiveCfg = Debug|Any CPU
		{745F08D9-AC72-48DC-98E0-A028098B0B06}.Debug|Any CPU.Build.0 = Debug|Any CPU
		{745F08D9-AC72-48DC-98E0-A028098B0B06}.Debug|Mixed Platforms.ActiveCfg = Debug|Any CPU
		{745F08D9-AC72-48DC-98E0-A028098B0B06}.Debug|Mixed Platforms.Build.0 = Debug|Any CPU
		{745F08D9-AC72-48DC-98E0-A028098B0B06}.Debug|x86.ActiveCfg = Debug|Any CPU
		{745F08D9-AC72-48DC-98E0-A028098B0B06}.Release|Any CPU.ActiveCfg = Release|Any CPU
		{745F08D9-AC72-48DC-98E0-A028098B0B06}.Release|Any CPU.Build.0 = Release|Any CPU
		{745F08D9-AC72-48DC-98E0-A028098B0B06}.Release|Mixed Platforms.ActiveCfg = Release|Any CPU
		{745F08D9-AC72-48DC-98E0-A028098B0B06}.Release|Mixed Platforms.Build.0 = Release|Any CPU
		{745F08D9-AC72-48DC-98E0-A028098B0B06}.Release|x86.ActiveCfg = Release|Any CPU
		{D454C1D7-F84A-45F3-88A1-60F4F3EE32B9}.Debug|Any CPU.ActiveCfg = Debug|x86
		{D454C1D7-F84A-45F3-88A1-60F4F3EE32B9}.Debug|Mixed Platforms.ActiveCfg = Debug|x86
		{D454C1D7-F84A-45F3-88A1-60F4F3EE32B9}.Debug|Mixed Platforms.Build.0 = Debug|x86
		{D454C1D7-F84A-45F3-88A1-60F4F3EE32B9}.Debug|x86.ActiveCfg = Debug|x86
		{D454C1D7-F84A-45F3-88A1-60F4F3EE32B9}.Debug|x86.Build.0 = Debug|x86
		{D454C1D7-F84A-45F3-88A1-60F4F3EE32B9}.Release|Any CPU.ActiveCfg = Release|x86
		{D454C1D7-F84A-45F3-88A1-60F4F3EE32B9}.Release|Mixed Platforms.ActiveCfg = Release|x86
		{D454C1D7-F84A-45F3-88A1-60F4F3EE32B9}.Release|Mixed Platforms.Build.0 = Release|x86
		{D454C1D7-F84A-45F3-88A1-60F4F3EE32B9}.Release|x86.ActiveCfg = Release|x86
		{D454C1D7-F84A-45F3-88A1-60F4F3EE32B9}.Release|x86.Build.0 = Release|x86
		{AD1D663A-F69C-4AB0-BB95-67DC2291A4A7}.Debug|Any CPU.ActiveCfg = Debug|x86
		{AD1D663A-F69C-4AB0-BB95-67DC2291A4A7}.Debug|Mixed Platforms.ActiveCfg = Debug|x86
		{AD1D663A-F69C-4AB0-BB95-67DC2291A4A7}.Debug|Mixed Platforms.Build.0 = Debug|x86
		{AD1D663A-F69C-4AB0-BB95-67DC2291A4A7}.Debug|x86.ActiveCfg = Debug|x86
		{AD1D663A-F69C-4AB0-BB95-67DC2291A4A7}.Debug|x86.Build.0 = Debug|x86
		{AD1D663A-F69C-4AB0-BB95-67DC2291A4A7}.Release|Any CPU.ActiveCfg = Release|x86
		{AD1D663A-F69C-4AB0-BB95-67DC2291A4A7}.Release|Mixed Platforms.ActiveCfg = Release|x86
		{AD1D663A-F69C-4AB0-BB95-67DC2291A4A7}.Release|Mixed Platforms.Build.0 = Release|x86
		{AD1D663A-F69C-4AB0-BB95-67DC2291A4A7}.Release|x86.ActiveCfg = Release|x86
		{AD1D663A-F69C-4AB0-BB95-67DC2291A4A7}.Release|x86.Build.0 = Release|x86
		{2A8E8009-F474-4FC8-A04E-F80D02AA97DB}.Debug|Any CPU.ActiveCfg = Debug|Any CPU
		{2A8E8009-F474-4FC8-A04E-F80D02AA97DB}.Debug|Any CPU.Build.0 = Debug|Any CPU
		{2A8E8009-F474-4FC8-A04E-F80D02AA97DB}.Debug|Mixed Platforms.ActiveCfg = Debug|Any CPU
		{2A8E8009-F474-4FC8-A04E-F80D02AA97DB}.Debug|Mixed Platforms.Build.0 = Debug|Any CPU
		{2A8E8009-F474-4FC8-A04E-F80D02AA97DB}.Debug|x86.ActiveCfg = Debug|Any CPU
		{2A8E8009-F474-4FC8-A04E-F80D02AA97DB}.Release|Any CPU.ActiveCfg = Release|Any CPU
		{2A8E8009-F474-4FC8-A04E-F80D02AA97DB}.Release|Any CPU.Build.0 = Release|Any CPU
		{2A8E8009-F474-4FC8-A04E-F80D02AA97DB}.Release|Mixed Platforms.ActiveCfg = Release|Any CPU
		{2A8E8009-F474-4FC8-A04E-F80D02AA97DB}.Release|Mixed Platforms.Build.0 = Release|Any CPU
		{2A8E8009-F474-4FC8-A04E-F80D02AA97DB}.Release|x86.ActiveCfg = Release|Any CPU
	EndGlobalSection
	GlobalSection(SolutionProperties) = preSolution
		HideSolutionNode = FALSE
	EndGlobalSection
EndGlobal
